// !$*UTF8*$!
{
	archiveVersion = 1;
	classes = {
	};
	objectVersion = 56;
	objects = {

/* Begin PBXBuildFile section */
		E4166E492D070428001E8E5F /* pancakes.usdz in Resources */ = {isa = PBXBuildFile; fileRef = E4166E452D070428001E8E5F /* pancakes.usdz */; };
		E4166E4A2D070428001E8E5F /* drummertoy.usdz in Resources */ = {isa = PBXBuildFile; fileRef = E4166E462D070428001E8E5F /* drummertoy.usdz */; };
		E4166E4B2D070428001E8E5F /* biplane.usdz in Resources */ = {isa = PBXBuildFile; fileRef = E4166E472D070428001E8E5F /* biplane.usdz */; };
		E4166E4C2D070428001E8E5F /* pegasus.usdz in Resources */ = {isa = PBXBuildFile; fileRef = E4166E482D070428001E8E5F /* pegasus.usdz */; };
		E4166E512D07E8DE001E8E5F /* retrotv.usdz in Resources */ = {isa = PBXBuildFile; fileRef = E4166E4D2D07E8DD001E8E5F /* retrotv.usdz */; };
		E4166E522D07E8DE001E8E5F /* tulip.usdz in Resources */ = {isa = PBXBuildFile; fileRef = E4166E4E2D07E8DE001E8E5F /* tulip.usdz */; };
		E4166E532D07E8DE001E8E5F /* toycar.usdz in Resources */ = {isa = PBXBuildFile; fileRef = E4166E4F2D07E8DE001E8E5F /* toycar.usdz */; };
		E4166E542D07E8DE001E8E5F /* stratocaster.usdz in Resources */ = {isa = PBXBuildFile; fileRef = E4166E502D07E8DE001E8E5F /* stratocaster.usdz */; };
		E4166E562D07EA7A001E8E5F /* hab_en.reality in Resources */ = {isa = PBXBuildFile; fileRef = E4166E552D07EA7A001E8E5F /* hab_en.reality */; };
		E457658B2D05E3930096975C /* Coordinator.swift in Sources */ = {isa = PBXBuildFile; fileRef = E457658A2D05E3930096975C /* Coordinator.swift */; };
		E47830652D05325E007489F9 /* AppDelegate.swift in Sources */ = {isa = PBXBuildFile; fileRef = E47830642D05325E007489F9 /* AppDelegate.swift */; };
		E47830672D05325E007489F9 /* ContentView.swift in Sources */ = {isa = PBXBuildFile; fileRef = E47830662D05325E007489F9 /* ContentView.swift */; };
		E47830692D05325F007489F9 /* Assets.xcassets in Resources */ = {isa = PBXBuildFile; fileRef = E47830682D05325F007489F9 /* Assets.xcassets */; };
		E478306C2D05325F007489F9 /* Preview Assets.xcassets in Resources */ = {isa = PBXBuildFile; fileRef = E478306B2D05325F007489F9 /* Preview Assets.xcassets */; };
/* End PBXBuildFile section */

/* Begin PBXFileReference section */
		E4166E452D070428001E8E5F /* pancakes.usdz */ = {isa = PBXFileReference; lastKnownFileType = file.usdz; name = pancakes.usdz; path = ../../../../../Downloads/pancakes.usdz; sourceTree = "<group>"; };
		E4166E462D070428001E8E5F /* drummertoy.usdz */ = {isa = PBXFileReference; lastKnownFileType = file.usdz; name = drummertoy.usdz; path = ../../../../../Downloads/drummertoy.usdz; sourceTree = "<group>"; };
		E4166E472D070428001E8E5F /* biplane.usdz */ = {isa = PBXFileReference; lastKnownFileType = file.usdz; name = biplane.usdz; path = ../../../../../Downloads/biplane.usdz; sourceTree = "<group>"; };
		E4166E482D070428001E8E5F /* pegasus.usdz */ = {isa = PBXFileReference; lastKnownFileType = file.usdz; name = pegasus.usdz; path = ../../../../../Downloads/pegasus.usdz; sourceTree = "<group>"; };
		E4166E4D2D07E8DD001E8E5F /* retrotv.usdz */ = {isa = PBXFileReference; lastKnownFileType = file.usdz; name = retrotv.usdz; path = ../../../../../Downloads/retrotv.usdz; sourceTree = "<group>"; };
		E4166E4E2D07E8DE001E8E5F /* tulip.usdz */ = {isa = PBXFileReference; lastKnownFileType = file.usdz; name = tulip.usdz; path = ../../../../../Downloads/tulip.usdz; sourceTree = "<group>"; };
		E4166E4F2D07E8DE001E8E5F /* toycar.usdz */ = {isa = PBXFileReference; lastKnownFileType = file.usdz; name = toycar.usdz; path = ../../../../../Downloads/toycar.usdz; sourceTree = "<group>"; };
		E4166E502D07E8DE001E8E5F /* stratocaster.usdz */ = {isa = PBXFileReference; lastKnownFileType = file.usdz; name = stratocaster.usdz; path = ../../../../../Downloads/stratocaster.usdz; sourceTree = "<group>"; };
		E4166E552D07EA7A001E8E5F /* hab_en.reality */ = {isa = PBXFileReference; lastKnownFileType = file; name = hab_en.reality; path = ../../../../../Downloads/hab_en.reality; sourceTree = "<group>"; };
		E457658A2D05E3930096975C /* Coordinator.swift */ = {isa = PBXFileReference; lastKnownFileType = sourcecode.swift; path = Coordinator.swift; sourceTree = "<group>"; };
		E47830612D05325E007489F9 /* ArTest.app */ = {isa = PBXFileReference; explicitFileType = wrapper.application; includeInIndex = 0; path = ArTest.app; sourceTree = BUILT_PRODUCTS_DIR; };
		E47830642D05325E007489F9 /* AppDelegate.swift */ = {isa = PBXFileReference; lastKnownFileType = sourcecode.swift; path = AppDelegate.swift; sourceTree = "<group>"; };
		E47830662D05325E007489F9 /* ContentView.swift */ = {isa = PBXFileReference; lastKnownFileType = sourcecode.swift; path = ContentView.swift; sourceTree = "<group>"; };
		E47830682D05325F007489F9 /* Assets.xcassets */ = {isa = PBXFileReference; lastKnownFileType = folder.assetcatalog; path = Assets.xcassets; sourceTree = "<group>"; };
		E478306B2D05325F007489F9 /* Preview Assets.xcassets */ = {isa = PBXFileReference; lastKnownFileType = folder.assetcatalog; path = "Preview Assets.xcassets"; sourceTree = "<group>"; };
		E4EBB53C2D05AF1D002A33EF /* README.md */ = {isa = PBXFileReference; lastKnownFileType = net.daringfireball.markdown; path = README.md; sourceTree = "<group>"; };
/* End PBXFileReference section */

/* Begin PBXFrameworksBuildPhase section */
		E478305E2D05325E007489F9 /* Frameworks */ = {
			isa = PBXFrameworksBuildPhase;
			buildActionMask = 2147483647;
			files = (
			);
			runOnlyForDeploymentPostprocessing = 0;
		};
/* End PBXFrameworksBuildPhase section */

/* Begin PBXGroup section */
		E47830582D05325E007489F9 = {
			isa = PBXGroup;
			children = (
				E4EBB53C2D05AF1D002A33EF /* README.md */,
				E47830632D05325E007489F9 /* ArTest */,
				E47830622D05325E007489F9 /* Products */,
			);
			sourceTree = "<group>";
		};
		E47830622D05325E007489F9 /* Products */ = {
			isa = PBXGroup;
			children = (
				E47830612D05325E007489F9 /* ArTest.app */,
			);
			name = Products;
			sourceTree = "<group>";
		};
		E47830632D05325E007489F9 /* ArTest */ = {
			isa = PBXGroup;
			children = (
				E47830642D05325E007489F9 /* AppDelegate.swift */,
				E47830662D05325E007489F9 /* ContentView.swift */,
				E4EBB5352D057FE4002A33EF /* models */,
				E47830682D05325F007489F9 /* Assets.xcassets */,
				E478306A2D05325F007489F9 /* Preview Content */,
				E457658A2D05E3930096975C /* Coordinator.swift */,
			);
			path = ArTest;
			sourceTree = "<group>";
		};
		E478306A2D05325F007489F9 /* Preview Content */ = {
			isa = PBXGroup;
			children = (
				E478306B2D05325F007489F9 /* Preview Assets.xcassets */,
			);
			path = "Preview Content";
			sourceTree = "<group>";
		};
		E4EBB5352D057FE4002A33EF /* models */ = {
			isa = PBXGroup;
			children = (
				E4166E472D070428001E8E5F /* biplane.usdz */,
				E4166E552D07EA7A001E8E5F /* hab_en.reality */,
				E4166E462D070428001E8E5F /* drummertoy.usdz */,
				E4166E452D070428001E8E5F /* pancakes.usdz */,
				E4166E482D070428001E8E5F /* pegasus.usdz */,
				E4166E4D2D07E8DD001E8E5F /* retrotv.usdz */,
				E4166E502D07E8DE001E8E5F /* stratocaster.usdz */,
				E4166E4F2D07E8DE001E8E5F /* toycar.usdz */,
				E4166E4E2D07E8DE001E8E5F /* tulip.usdz */,
			);
			path = models;
			sourceTree = "<group>";
		};
/* End PBXGroup section */

/* Begin PBXNativeTarget section */
		E47830602D05325E007489F9 /* ArTest */ = {
			isa = PBXNativeTarget;
			buildConfigurationList = E478306F2D05325F007489F9 /* Build configuration list for PBXNativeTarget "ArTest" */;
			buildPhases = (
				E478305D2D05325E007489F9 /* Sources */,
				E478305E2D05325E007489F9 /* Frameworks */,
				E478305F2D05325E007489F9 /* Resources */,
			);
			buildRules = (
			);
			dependencies = (
			);
			name = ArTest;
			productName = ArTest;
			productReference = E47830612D05325E007489F9 /* ArTest.app */;
			productType = "com.apple.product-type.application";
		};
/* End PBXNativeTarget section */

/* Begin PBXProject section */
		E47830592D05325E007489F9 /* Project object */ = {
			isa = PBXProject;
			attributes = {
				BuildIndependentTargetsInParallel = 1;
				LastSwiftUpdateCheck = 1540;
				LastUpgradeCheck = 1540;
				TargetAttributes = {
					E47830602D05325E007489F9 = {
						CreatedOnToolsVersion = 15.4;
					};
				};
			};
			buildConfigurationList = E478305C2D05325E007489F9 /* Build configuration list for PBXProject "ArTest" */;
			compatibilityVersion = "Xcode 14.0";
			developmentRegion = en;
			hasScannedForEncodings = 0;
			knownRegions = (
				en,
				Base,
			);
			mainGroup = E47830582D05325E007489F9;
			productRefGroup = E47830622D05325E007489F9 /* Products */;
			projectDirPath = "";
			projectRoot = "";
			targets = (
				E47830602D05325E007489F9 /* ArTest */,
			);
		};
/* End PBXProject section */

/* Begin PBXResourcesBuildPhase section */
		E478305F2D05325E007489F9 /* Resources */ = {
			isa = PBXResourcesBuildPhase;
			buildActionMask = 2147483647;
			files = (
				E4166E562D07EA7A001E8E5F /* hab_en.reality in Resources */,
				E4166E4C2D070428001E8E5F /* pegasus.usdz in Resources */,
				E4166E492D070428001E8E5F /* pancakes.usdz in Resources */,
				E4166E542D07E8DE001E8E5F /* stratocaster.usdz in Resources */,
				E478306C2D05325F007489F9 /* Preview Assets.xcassets in Resources */,
				E47830692D05325F007489F9 /* Assets.xcassets in Resources */,
				E4166E522D07E8DE001E8E5F /* tulip.usdz in Resources */,
				E4166E512D07E8DE001E8E5F /* retrotv.usdz in Resources */,
				E4166E4A2D070428001E8E5F /* drummertoy.usdz in Resources */,
				E4166E4B2D070428001E8E5F /* biplane.usdz in Resources */,
				E4166E532D07E8DE001E8E5F /* toycar.usdz in Resources */,
			);
			runOnlyForDeploymentPostprocessing = 0;
		};
/* End PBXResourcesBuildPhase section */

/* Begin PBXSourcesBuildPhase section */
		E478305D2D05325E007489F9 /* Sources */ = {
			isa = PBXSourcesBuildPhase;
			buildActionMask = 2147483647;
			files = (
				E47830672D05325E007489F9 /* ContentView.swift in Sources */,
				E47830652D05325E007489F9 /* AppDelegate.swift in Sources */,
				E457658B2D05E3930096975C /* Coordinator.swift in Sources */,
			);
			runOnlyForDeploymentPostprocessing = 0;
		};
/* End PBXSourcesBuildPhase section */

/* Begin XCBuildConfiguration section */
		E478306D2D05325F007489F9 /* Debug */ = {
			isa = XCBuildConfiguration;
			buildSettings = {
				ALWAYS_SEARCH_USER_PATHS = NO;
				ASSETCATALOG_COMPILER_GENERATE_SWIFT_ASSET_SYMBOL_EXTENSIONS = YES;
				CLANG_ANALYZER_NONNULL = YES;
				CLANG_ANALYZER_NUMBER_OBJECT_CONVERSION = YES_AGGRESSIVE;
				CLANG_CXX_LANGUAGE_STANDARD = "gnu++20";
				CLANG_ENABLE_MODULES = YES;
				CLANG_ENABLE_OBJC_ARC = YES;
				CLANG_ENABLE_OBJC_WEAK = YES;
				CLANG_WARN_BLOCK_CAPTURE_AUTORELEASING = YES;
				CLANG_WARN_BOOL_CONVERSION = YES;
				CLANG_WARN_COMMA = YES;
				CLANG_WARN_CONSTANT_CONVERSION = YES;
				CLANG_WARN_DEPRECATED_OBJC_IMPLEMENTATIONS = YES;
				CLANG_WARN_DIRECT_OBJC_ISA_USAGE = YES_ERROR;
				CLANG_WARN_DOCUMENTATION_COMMENTS = YES;
				CLANG_WARN_EMPTY_BODY = YES;
				CLANG_WARN_ENUM_CONVERSION = YES;
				CLANG_WARN_INFINITE_RECURSION = YES;
				CLANG_WARN_INT_CONVERSION = YES;
				CLANG_WARN_NON_LITERAL_NULL_CONVERSION = YES;
				CLANG_WARN_OBJC_IMPLICIT_RETAIN_SELF = YES;
				CLANG_WARN_OBJC_LITERAL_CONVERSION = YES;
				CLANG_WARN_OBJC_ROOT_CLASS = YES_ERROR;
				CLANG_WARN_QUOTED_INCLUDE_IN_FRAMEWORK_HEADER = YES;
				CLANG_WARN_RANGE_LOOP_ANALYSIS = YES;
				CLANG_WARN_STRICT_PROTOTYPES = YES;
				CLANG_WARN_SUSPICIOUS_MOVE = YES;
				CLANG_WARN_UNGUARDED_AVAILABILITY = YES_AGGRESSIVE;
				CLANG_WARN_UNREACHABLE_CODE = YES;
				CLANG_WARN__DUPLICATE_METHOD_MATCH = YES;
				COPY_PHASE_STRIP = NO;
				DEBUG_INFORMATION_FORMAT = dwarf;
				ENABLE_STRICT_OBJC_MSGSEND = YES;
				ENABLE_TESTABILITY = YES;
				ENABLE_USER_SCRIPT_SANDBOXING = YES;
				GCC_C_LANGUAGE_STANDARD = gnu17;
				GCC_DYNAMIC_NO_PIC = NO;
				GCC_NO_COMMON_BLOCKS = YES;
				GCC_OPTIMIZATION_LEVEL = 0;
				GCC_PREPROCESSOR_DEFINITIONS = (
					"DEBUG=1",
					"$(inherited)",
				);
				GCC_WARN_64_TO_32_BIT_CONVERSION = YES;
				GCC_WARN_ABOUT_RETURN_TYPE = YES_ERROR;
				GCC_WARN_UNDECLARED_SELECTOR = YES;
				GCC_WARN_UNINITIALIZED_AUTOS = YES_AGGRESSIVE;
				GCC_WARN_UNUSED_FUNCTION = YES;
				GCC_WARN_UNUSED_VARIABLE = YES;
				IPHONEOS_DEPLOYMENT_TARGET = 17.5;
				LOCALIZATION_PREFERS_STRING_CATALOGS = YES;
				MTL_ENABLE_DEBUG_INFO = INCLUDE_SOURCE;
				MTL_FAST_MATH = YES;
				ONLY_ACTIVE_ARCH = YES;
				SDKROOT = iphoneos;
				SWIFT_ACTIVE_COMPILATION_CONDITIONS = "DEBUG $(inherited)";
				SWIFT_OPTIMIZATION_LEVEL = "-Onone";
			};
			name = Debug;
		};
		E478306E2D05325F007489F9 /* Release */ = {
			isa = XCBuildConfiguration;
			buildSettings = {
				ALWAYS_SEARCH_USER_PATHS = NO;
				ASSETCATALOG_COMPILER_GENERATE_SWIFT_ASSET_SYMBOL_EXTENSIONS = YES;
				CLANG_ANALYZER_NONNULL = YES;
				CLANG_ANALYZER_NUMBER_OBJECT_CONVERSION = YES_AGGRESSIVE;
				CLANG_CXX_LANGUAGE_STANDARD = "gnu++20";
				CLANG_ENABLE_MODULES = YES;
				CLANG_ENABLE_OBJC_ARC = YES;
				CLANG_ENABLE_OBJC_WEAK = YES;
				CLANG_WARN_BLOCK_CAPTURE_AUTORELEASING = YES;
				CLANG_WARN_BOOL_CONVERSION = YES;
				CLANG_WARN_COMMA = YES;
				CLANG_WARN_CONSTANT_CONVERSION = YES;
				CLANG_WARN_DEPRECATED_OBJC_IMPLEMENTATIONS = YES;
				CLANG_WARN_DIRECT_OBJC_ISA_USAGE = YES_ERROR;
				CLANG_WARN_DOCUMENTATION_COMMENTS = YES;
				CLANG_WARN_EMPTY_BODY = YES;
				CLANG_WARN_ENUM_CONVERSION = YES;
				CLANG_WARN_INFINITE_RECURSION = YES;
				CLANG_WARN_INT_CONVERSION = YES;
				CLANG_WARN_NON_LITERAL_NULL_CONVERSION = YES;
				CLANG_WARN_OBJC_IMPLICIT_RETAIN_SELF = YES;
				CLANG_WARN_OBJC_LITERAL_CONVERSION = YES;
				CLANG_WARN_OBJC_ROOT_CLASS = YES_ERROR;
				CLANG_WARN_QUOTED_INCLUDE_IN_FRAMEWORK_HEADER = YES;
				CLANG_WARN_RANGE_LOOP_ANALYSIS = YES;
				CLANG_WARN_STRICT_PROTOTYPES = YES;
				CLANG_WARN_SUSPICIOUS_MOVE = YES;
				CLANG_WARN_UNGUARDED_AVAILABILITY = YES_AGGRESSIVE;
				CLANG_WARN_UNREACHABLE_CODE = YES;
				CLANG_WARN__DUPLICATE_METHOD_MATCH = YES;
				COPY_PHASE_STRIP = NO;
				DEBUG_INFORMATION_FORMAT = "dwarf-with-dsym";
				ENABLE_NS_ASSERTIONS = NO;
				ENABLE_STRICT_OBJC_MSGSEND = YES;
				ENABLE_USER_SCRIPT_SANDBOXING = YES;
				GCC_C_LANGUAGE_STANDARD = gnu17;
				GCC_NO_COMMON_BLOCKS = YES;
				GCC_WARN_64_TO_32_BIT_CONVERSION = YES;
				GCC_WARN_ABOUT_RETURN_TYPE = YES_ERROR;
				GCC_WARN_UNDECLARED_SELECTOR = YES;
				GCC_WARN_UNINITIALIZED_AUTOS = YES_AGGRESSIVE;
				GCC_WARN_UNUSED_FUNCTION = YES;
				GCC_WARN_UNUSED_VARIABLE = YES;
				IPHONEOS_DEPLOYMENT_TARGET = 17.5;
				LOCALIZATION_PREFERS_STRING_CATALOGS = YES;
				MTL_ENABLE_DEBUG_INFO = NO;
				MTL_FAST_MATH = YES;
				SDKROOT = iphoneos;
				SWIFT_COMPILATION_MODE = wholemodule;
				VALIDATE_PRODUCT = YES;
			};
			name = Release;
		};
		E47830702D05325F007489F9 /* Debug */ = {
			isa = XCBuildConfiguration;
			buildSettings = {
				ASSETCATALOG_COMPILER_APPICON_NAME = AppIcon;
				ASSETCATALOG_COMPILER_GLOBAL_ACCENT_COLOR_NAME = AccentColor;
				CODE_SIGN_STYLE = Automatic;
				CURRENT_PROJECT_VERSION = 1;
				DEVELOPMENT_ASSET_PATHS = "\"ArTest/Preview Content\"";
				DEVELOPMENT_TEAM = 5H3WZ7BJYK;
				ENABLE_PREVIEWS = YES;
				GENERATE_INFOPLIST_FILE = YES;
				INFOPLIST_KEY_NSCameraUsageDescription = "";
				INFOPLIST_KEY_UIApplicationSupportsIndirectInputEvents = YES;
				INFOPLIST_KEY_UILaunchScreen_Generation = YES;
				INFOPLIST_KEY_UIRequiredDeviceCapabilities = arkit;
				INFOPLIST_KEY_UIStatusBarHidden = YES;
				INFOPLIST_KEY_UISupportedInterfaceOrientations_iPad = "UIInterfaceOrientationPortrait UIInterfaceOrientationPortraitUpsideDown UIInterfaceOrientationLandscapeLeft UIInterfaceOrientationLandscapeRight";
				INFOPLIST_KEY_UISupportedInterfaceOrientations_iPhone = "UIInterfaceOrientationPortrait UIInterfaceOrientationLandscapeLeft UIInterfaceOrientationLandscapeRight";
				LD_RUNPATH_SEARCH_PATHS = (
					"$(inherited)",
					"@executable_path/Frameworks",
				);
				MARKETING_VERSION = 1.0;
				PRODUCT_BUNDLE_IDENTIFIER = com.arkit.song.ArTest;
				PRODUCT_NAME = "$(TARGET_NAME)";
				SWIFT_EMIT_LOC_STRINGS = YES;
				SWIFT_VERSION = 5.0;
				TARGETED_DEVICE_FAMILY = "1,2";
			};
			name = Debug;
		};
		E47830712D05325F007489F9 /* Release */ = {
			isa = XCBuildConfiguration;
			buildSettings = {
				ASSETCATALOG_COMPILER_APPICON_NAME = AppIcon;
				ASSETCATALOG_COMPILER_GLOBAL_ACCENT_COLOR_NAME = AccentColor;
				CODE_SIGN_STYLE = Automatic;
				CURRENT_PROJECT_VERSION = 1;
				DEVELOPMENT_ASSET_PATHS = "\"ArTest/Preview Content\"";
				DEVELOPMENT_TEAM = 5H3WZ7BJYK;
				ENABLE_PREVIEWS = YES;
				GENERATE_INFOPLIST_FILE = YES;
				INFOPLIST_KEY_NSCameraUsageDescription = "";
				INFOPLIST_KEY_UIApplicationSupportsIndirectInputEvents = YES;
				INFOPLIST_KEY_UILaunchScreen_Generation = YES;
				INFOPLIST_KEY_UIRequiredDeviceCapabilities = arkit;
				INFOPLIST_KEY_UIStatusBarHidden = YES;
				INFOPLIST_KEY_UISupportedInterfaceOrientations_iPad = "UIInterfaceOrientationPortrait UIInterfaceOrientationPortraitUpsideDown UIInterfaceOrientationLandscapeLeft UIInterfaceOrientationLandscapeRight";
				INFOPLIST_KEY_UISupportedInterfaceOrientations_iPhone = "UIInterfaceOrientationPortrait UIInterfaceOrientationLandscapeLeft UIInterfaceOrientationLandscapeRight";
				LD_RUNPATH_SEARCH_PATHS = (
					"$(inherited)",
					"@executable_path/Frameworks",
				);
				MARKETING_VERSION = 1.0;
				PRODUCT_BUNDLE_IDENTIFIER = com.arkit.song.ArTest;
				PRODUCT_NAME = "$(TARGET_NAME)";
				SWIFT_EMIT_LOC_STRINGS = YES;
				SWIFT_VERSION = 5.0;
				TARGETED_DEVICE_FAMILY = "1,2";
			};
			name = Release;
		};
/* End XCBuildConfiguration section */

/* Begin XCConfigurationList section */
		E478305C2D05325E007489F9 /* Build configuration list for PBXProject "ArTest" */ = {
			isa = XCConfigurationList;
			buildConfigurations = (
				E478306D2D05325F007489F9 /* Debug */,
				E478306E2D05325F007489F9 /* Release */,
			);
			defaultConfigurationIsVisible = 0;
			defaultConfigurationName = Release;
		};
		E478306F2D05325F007489F9 /* Build configuration list for PBXNativeTarget "ArTest" */ = {
			isa = XCConfigurationList;
			buildConfigurations = (
				E47830702D05325F007489F9 /* Debug */,
				E47830712D05325F007489F9 /* Release */,
			);
			defaultConfigurationIsVisible = 0;
			defaultConfigurationName = Release;
		};
/* End XCConfigurationList section */
	};
	rootObject = E47830592D05325E007489F9 /* Project object */;
}
